# This file is automatically @generated by Cargo.
# It is not intended for manual editing.
version = 4

[[package]]
name = "ferrisinfer-cli"
version = "0.1.0"
dependencies = [
 "ferrisinfer-kernel",
 "ferrisinfer-runtime",
]

[[package]]
name = "ferrisinfer-core"
version = "0.1.0"

[[package]]
name = "ferrisinfer-io"
version = "0.1.0"
dependencies = [
 "ferrisinfer-core",
 "ferrisinfer-model",
]

[[package]]
name = "ferrisinfer-kernel"
version = "0.1.0"
dependencies = [
 "ferrisinfer-core",
]

[[package]]
name = "ferrisinfer-model"
version = "0.1.0"
dependencies = [
 "ferrisinfer-core",
]

[[package]]
name = "ferrisinfer-runtime"
version = "0.1.0"
dependencies = [
 "ferrisinfer-core",
 "ferrisinfer-io",
 "ferrisinfer-kernel",
 "ferrisinfer-model",
]
